
Microsoft Visual Studio Solution File, Format Version 12.00
# Visual Studio Version 17
VisualStudioVersion = 17.3.32929.385
MinimumVisualStudioVersion = 10.0.40219.1
Project("{FAE04EC0-301F-11D3-BF4B-00C04F79EFBC}") = "Gamedex", "Gamedex\Gamedex.csproj", "{AA22E75E-E46A-4F5D-9CAC-5F40241A1E84}"
EndProject
Global
	GlobalSection(SolutionConfigurationPlatforms) = preSolution
		Debug|Any CPU = Debug|Any CPU
		Release|Any CPU = Release|Any CPU
	EndGlobalSection
	GlobalSection(ProjectConfigurationPlatforms) = postSolution
		{AA22E75E-E46A-4F5D-9CAC-5F40241A1E84}.Debug|Any CPU.ActiveCfg = Debug|Any CPU
		{AA22E75E-E46A-4F5D-9CAC-5F40241A1E84}.Debug|Any CPU.Build.0 = Debug|Any CPU
		{AA22E75E-E46A-4F5D-9CAC-5F40241A1E84}.Release|Any CPU.ActiveCfg = Release|Any CPU
		{AA22E75E-E46A-4F5D-9CAC-5F40241A1E84}.Release|Any CPU.Build.0 = Release|Any CPU
	EndGlobalSection
	GlobalSection(SolutionProperties) = preSolution
		HideSolutionNode = FALSE
	EndGlobalSection
	GlobalSection(ExtensibilityGlobals) = postSolution
		SolutionGuid = {C289CC6D-A149-4A51-A143-10FADE246032}
	EndGlobalSection
EndGlobal
