
Microsoft Visual Studio Solution File, Format Version 12.00
# Visual Studio Version 17
VisualStudioVersion = 17.3.32929.385
MinimumVisualStudioVersion = 10.0.40219.1
Project("{FAE04EC0-301F-11D3-BF4B-00C04F79EFBC}") = "Converter", "Converter\Converter.csproj", "{54CF4033-1DF6-40D4-946B-915C3B2DD80A}"
EndProject
Global
	GlobalSection(SolutionConfigurationPlatforms) = preSolution
		Debug|Any CPU = Debug|Any CPU
		Release|Any CPU = Release|Any CPU
	EndGlobalSection
	GlobalSection(ProjectConfigurationPlatforms) = postSolution
		{54CF4033-1DF6-40D4-946B-915C3B2DD80A}.Debug|Any CPU.ActiveCfg = Debug|Any CPU
		{54CF4033-1DF6-40D4-946B-915C3B2DD80A}.Debug|Any CPU.Build.0 = Debug|Any CPU
		{54CF4033-1DF6-40D4-946B-915C3B2DD80A}.Release|Any CPU.ActiveCfg = Release|Any CPU
		{54CF4033-1DF6-40D4-946B-915C3B2DD80A}.Release|Any CPU.Build.0 = Release|Any CPU
	EndGlobalSection
	GlobalSection(SolutionProperties) = preSolution
		HideSolutionNode = FALSE
	EndGlobalSection
	GlobalSection(ExtensibilityGlobals) = postSolution
		SolutionGuid = {CF93DC30-4D69-4310-BE19-F4B856AAC156}
	EndGlobalSection
EndGlobal
